
Microsoft Visual Studio Solution File, Format Version 12.00
# Visual Studio Version 16
VisualStudioVersion = 25.0.1703.0
MinimumVisualStudioVersion = 10.0.40219.1
Project("{FAE04EC0-301F-11D3-BF4B-00C04F79EFBC}") = "Entap.Basic.Maui.Core", "Entap.Basic.Maui.Core\Entap.Basic.Maui.Core.csproj", "{4648175D-6830-43AF-8C60-AE615F725D12}"
EndProject
Global
	GlobalSection(SolutionConfigurationPlatforms) = preSolution
		Debug|Any CPU = Debug|Any CPU
		Release|Any CPU = Release|Any CPU
	EndGlobalSection
	GlobalSection(ProjectConfigurationPlatforms) = postSolution
		{4648175D-6830-43AF-8C60-AE615F725D12}.Debug|Any CPU.ActiveCfg = Debug|Any CPU
		{4648175D-6830-43AF-8C60-AE615F725D12}.Debug|Any CPU.Build.0 = Debug|Any CPU
		{4648175D-6830-43AF-8C60-AE615F725D12}.Release|Any CPU.ActiveCfg = Release|Any CPU
		{4648175D-6830-43AF-8C60-AE615F725D12}.Release|Any CPU.Build.0 = Release|Any CPU
	EndGlobalSection
	GlobalSection(SolutionProperties) = preSolution
		HideSolutionNode = FALSE
	EndGlobalSection
	GlobalSection(ExtensibilityGlobals) = postSolution
		SolutionGuid = {0BC9E9B8-37DD-4FA6-A5E8-711E1CDBAB0A}
	EndGlobalSection
EndGlobal
